// !$*UTF8*$!
{
	archiveVersion = 1;
	classes = {
	};
	objectVersion = 46;
	objects = {

/* Begin PBXBuildFile section */
		58212C631A695E9800B54202 /* AppDelegate.swift in Sources */ = {isa = PBXBuildFile; fileRef = 58212C621A695E9800B54202 /* AppDelegate.swift */; };
		58212C661A695E9800B54202 /* MKWS.xcdatamodeld in Sources */ = {isa = PBXBuildFile; fileRef = 58212C641A695E9800B54202 /* MKWS.xcdatamodeld */; };
		58212C681A695E9800B54202 /* ViewController.swift in Sources */ = {isa = PBXBuildFile; fileRef = 58212C671A695E9800B54202 /* ViewController.swift */; };
		58212C6B1A695E9800B54202 /* Main.storyboard in Resources */ = {isa = PBXBuildFile; fileRef = 58212C691A695E9800B54202 /* Main.storyboard */; };
		58212C6D1A695E9800B54202 /* Images.xcassets in Resources */ = {isa = PBXBuildFile; fileRef = 58212C6C1A695E9800B54202 /* Images.xcassets */; };
		58212C701A695E9800B54202 /* LaunchScreen.xib in Resources */ = {isa = PBXBuildFile; fileRef = 58212C6E1A695E9800B54202 /* LaunchScreen.xib */; };
		58212C7C1A695E9800B54202 /* MKWSTests.swift in Sources */ = {isa = PBXBuildFile; fileRef = 58212C7B1A695E9800B54202 /* MKWSTests.swift */; };
/* End PBXBuildFile section */

/* Begin PBXContainerItemProxy section */
		58212C761A695E9800B54202 /* PBXContainerItemProxy */ = {
			isa = PBXContainerItemProxy;
			containerPortal = 58212C551A695E9800B54202 /* Project object */;
			proxyType = 1;
			remoteGlobalIDString = 58212C5C1A695E9800B54202;
			remoteInfo = MKWS;
		};
/* End PBXContainerItemProxy section */

/* Begin PBXFileReference section */
		58212C5D1A695E9800B54202 /* MKWS.app */ = {isa = PBXFileReference; explicitFileType = wrapper.application; includeInIndex = 0; path = MKWS.app; sourceTree = BUILT_PRODUCTS_DIR; };
		58212C611A695E9800B54202 /* Info.plist */ = {isa = PBXFileReference; lastKnownFileType = text.plist.xml; path = Info.plist; sourceTree = "<group>"; };
		58212C621A695E9800B54202 /* AppDelegate.swift */ = {isa = PBXFileReference; lastKnownFileType = sourcecode.swift; path = AppDelegate.swift; sourceTree = "<group>"; };
		58212C651A695E9800B54202 /* MKWS.xcdatamodel */ = {isa = PBXFileReference; lastKnownFileType = wrapper.xcdatamodel; path = MKWS.xcdatamodel; sourceTree = "<group>"; };
		58212C671A695E9800B54202 /* ViewController.swift */ = {isa = PBXFileReference; lastKnownFileType = sourcecode.swift; path = ViewController.swift; sourceTree = "<group>"; };
		58212C6A1A695E9800B54202 /* Base */ = {isa = PBXFileReference; lastKnownFileType = file.storyboard; name = Base; path = Base.lproj/Main.storyboard; sourceTree = "<group>"; };
		58212C6C1A695E9800B54202 /* Images.xcassets */ = {isa = PBXFileReference; lastKnownFileType = folder.assetcatalog; path = Images.xcassets; sourceTree = "<group>"; };
		58212C6F1A695E9800B54202 /* Base */ = {isa = PBXFileReference; lastKnownFileType = file.xib; name = Base; path = Base.lproj/LaunchScreen.xib; sourceTree = "<group>"; };
		58212C751A695E9800B54202 /* MKWSTests.xctest */ = {isa = PBXFileReference; explicitFileType = wrapper.cfbundle; includeInIndex = 0; path = MKWSTests.xctest; sourceTree = BUILT_PRODUCTS_DIR; };
		58212C7A1A695E9800B54202 /* Info.plist */ = {isa = PBXFileReference; lastKnownFileType = text.plist.xml; path = Info.plist; sourceTree = "<group>"; };
		58212C7B1A695E9800B54202 /* MKWSTests.swift */ = {isa = PBXFileReference; lastKnownFileType = sourcecode.swift; path = MKWSTests.swift; sourceTree = "<group>"; };
/* End PBXFileReference section */

/* Begin PBXFrameworksBuildPhase section */
		58212C5A1A695E9800B54202 /* Frameworks */ = {
			isa = PBXFrameworksBuildPhase;
			buildActionMask = 2147483647;
			files = (
			);
			runOnlyForDeploymentPostprocessing = 0;
		};
		58212C721A695E9800B54202 /* Frameworks */ = {
			isa = PBXFrameworksBuildPhase;
			buildActionMask = 2147483647;
			files = (
			);
			runOnlyForDeploymentPostprocessing = 0;
		};
/* End PBXFrameworksBuildPhase section */

/* Begin PBXGroup section */
		58212C541A695E9800B54202 = {
			isa = PBXGroup;
			children = (
				58212C5F1A695E9800B54202 /* MKWS */,
				58212C781A695E9800B54202 /* MKWSTests */,
				58212C5E1A695E9800B54202 /* Products */,
			);
			sourceTree = "<group>";
		};
		58212C5E1A695E9800B54202 /* Products */ = {
			isa = PBXGroup;
			children = (
				58212C5D1A695E9800B54202 /* MKWS.app */,
				58212C751A695E9800B54202 /* MKWSTests.xctest */,
			);
			name = Products;
			sourceTree = "<group>";
		};
		58212C5F1A695E9800B54202 /* MKWS */ = {
			isa = PBXGroup;
			children = (
				58212C621A695E9800B54202 /* AppDelegate.swift */,
				58212C671A695E9800B54202 /* ViewController.swift */,
				58212C691A695E9800B54202 /* Main.storyboard */,
				58212C6C1A695E9800B54202 /* Images.xcassets */,
				58212C6E1A695E9800B54202 /* LaunchScreen.xib */,
				58212C641A695E9800B54202 /* MKWS.xcdatamodeld */,
				58212C601A695E9800B54202 /* Supporting Files */,
			);
			path = MKWS;
			sourceTree = "<group>";
		};
		58212C601A695E9800B54202 /* Supporting Files */ = {
			isa = PBXGroup;
			children = (
				58212C611A695E9800B54202 /* Info.plist */,
			);
			name = "Supporting Files";
			sourceTree = "<group>";
		};
		58212C781A695E9800B54202 /* MKWSTests */ = {
			isa = PBXGroup;
			children = (
				58212C7B1A695E9800B54202 /* MKWSTests.swift */,
				58212C791A695E9800B54202 /* Supporting Files */,
			);
			path = MKWSTests;
			sourceTree = "<group>";
		};
		58212C791A695E9800B54202 /* Supporting Files */ = {
			isa = PBXGroup;
			children = (
				58212C7A1A695E9800B54202 /* Info.plist */,
			);
			name = "Supporting Files";
			sourceTree = "<group>";
		};
/* End PBXGroup section */

/* Begin PBXNativeTarget section */
		58212C5C1A695E9800B54202 /* MKWS */ = {
			isa = PBXNativeTarget;
			buildConfigurationList = 58212C7F1A695E9800B54202 /* Build configuration list for PBXNativeTarget "MKWS" */;
			buildPhases = (
				58212C591A695E9800B54202 /* Sources */,
				58212C5A1A695E9800B54202 /* Frameworks */,
				58212C5B1A695E9800B54202 /* Resources */,
			);
			buildRules = (
			);
			dependencies = (
			);
			name = MKWS;
			productName = MKWS;
			productReference = 58212C5D1A695E9800B54202 /* MKWS.app */;
			productType = "com.apple.product-type.application";
		};
		58212C741A695E9800B54202 /* MKWSTests */ = {
			isa = PBXNativeTarget;
			buildConfigurationList = 58212C821A695E9800B54202 /* Build configuration list for PBXNativeTarget "MKWSTests" */;
			buildPhases = (
				58212C711A695E9800B54202 /* Sources */,
				58212C721A695E9800B54202 /* Frameworks */,
				58212C731A695E9800B54202 /* Resources */,
			);
			buildRules = (
			);
			dependencies = (
				58212C771A695E9800B54202 /* PBXTargetDependency */,
			);
			name = MKWSTests;
			productName = MKWSTests;
			productReference = 58212C751A695E9800B54202 /* MKWSTests.xctest */;
			productType = "com.apple.product-type.bundle.unit-test";
		};
/* End PBXNativeTarget section */

/* Begin PBXProject section */
		58212C551A695E9800B54202 /* Project object */ = {
			isa = PBXProject;
			attributes = {
				LastUpgradeCheck = 0610;
				ORGANIZATIONNAME = "Alexander Sims";
				TargetAttributes = {
					58212C5C1A695E9800B54202 = {
						CreatedOnToolsVersion = 6.1.1;
					};
					58212C741A695E9800B54202 = {
						CreatedOnToolsVersion = 6.1.1;
						TestTargetID = 58212C5C1A695E9800B54202;
					};
				};
			};
			buildConfigurationList = 58212C581A695E9800B54202 /* Build configuration list for PBXProject "MKWS" */;
			compatibilityVersion = "Xcode 3.2";
			developmentRegion = English;
			hasScannedForEncodings = 0;
			knownRegions = (
				en,
				Base,
			);
			mainGroup = 58212C541A695E9800B54202;
			productRefGroup = 58212C5E1A695E9800B54202 /* Products */;
			projectDirPath = "";
			projectRoot = "";
			targets = (
				58212C5C1A695E9800B54202 /* MKWS */,
				58212C741A695E9800B54202 /* MKWSTests */,
			);
		};
/* End PBXProject section */

/* Begin PBXResourcesBuildPhase section */
		58212C5B1A695E9800B54202 /* Resources */ = {
			isa = PBXResourcesBuildPhase;
			buildActionMask = 2147483647;
			files = (
				58212C6B1A695E9800B54202 /* Main.storyboard in Resources */,
				58212C701A695E9800B54202 /* LaunchScreen.xib in Resources */,
				58212C6D1A695E9800B54202 /* Images.xcassets in Resources */,
			);
			runOnlyForDeploymentPostprocessing = 0;
		};
		58212C731A695E9800B54202 /* Resources */ = {
			isa = PBXResourcesBuildPhase;
			buildActionMask = 2147483647;
			files = (
			);
			runOnlyForDeploymentPostprocessing = 0;
		};
/* End PBXResourcesBuildPhase section */

/* Begin PBXSourcesBuildPhase section */
		58212C591A695E9800B54202 /* Sources */ = {
			isa = PBXSourcesBuildPhase;
			buildActionMask = 2147483647;
			files = (
				58212C681A695E9800B54202 /* ViewController.swift in Sources */,
				58212C631A695E9800B54202 /* AppDelegate.swift in Sources */,
				58212C661A695E9800B54202 /* MKWS.xcdatamodeld in Sources */,
			);
			runOnlyForDeploymentPostprocessing = 0;
		};
		58212C711A695E9800B54202 /* Sources */ = {
			isa = PBXSourcesBuildPhase;
			buildActionMask = 2147483647;
			files = (
				58212C7C1A695E9800B54202 /* MKWSTests.swift in Sources */,
			);
			runOnlyForDeploymentPostprocessing = 0;
		};
/* End PBXSourcesBuildPhase section */

/* Begin PBXTargetDependency section */
		58212C771A695E9800B54202 /* PBXTargetDependency */ = {
			isa = PBXTargetDependency;
			target = 58212C5C1A695E9800B54202 /* MKWS */;
			targetProxy = 58212C761A695E9800B54202 /* PBXContainerItemProxy */;
		};
/* End PBXTargetDependency section */

/* Begin PBXVariantGroup section */
		58212C691A695E9800B54202 /* Main.storyboard */ = {
			isa = PBXVariantGroup;
			children = (
				58212C6A1A695E9800B54202 /* Base */,
			);
			name = Main.storyboard;
			sourceTree = "<group>";
		};
		58212C6E1A695E9800B54202 /* LaunchScreen.xib */ = {
			isa = PBXVariantGroup;
			children = (
				58212C6F1A695E9800B54202 /* Base */,
			);
			name = LaunchScreen.xib;
			sourceTree = "<group>";
		};
/* End PBXVariantGroup section */

/* Begin XCBuildConfiguration section */
		58212C7D1A695E9800B54202 /* Debug */ = {
			isa = XCBuildConfiguration;
			buildSettings = {
				ALWAYS_SEARCH_USER_PATHS = NO;
				CLANG_CXX_LANGUAGE_STANDARD = "gnu++0x";
				CLANG_CXX_LIBRARY = "libc++";
				CLANG_ENABLE_MODULES = YES;
				CLANG_ENABLE_OBJC_ARC = YES;
				CLANG_WARN_BOOL_CONVERSION = YES;
				CLANG_WARN_CONSTANT_CONVERSION = YES;
				CLANG_WARN_DIRECT_OBJC_ISA_USAGE = YES_ERROR;
				CLANG_WARN_EMPTY_BODY = YES;
				CLANG_WARN_ENUM_CONVERSION = YES;
				CLANG_WARN_INT_CONVERSION = YES;
				CLANG_WARN_OBJC_ROOT_CLASS = YES_ERROR;
				CLANG_WARN_UNREACHABLE_CODE = YES;
				CLANG_WARN__DUPLICATE_METHOD_MATCH = YES;
				"CODE_SIGN_IDENTITY[sdk=iphoneos*]" = "iPhone Developer";
				COPY_PHASE_STRIP = NO;
				ENABLE_STRICT_OBJC_MSGSEND = YES;
				GCC_C_LANGUAGE_STANDARD = gnu99;
				GCC_DYNAMIC_NO_PIC = NO;
				GCC_OPTIMIZATION_LEVEL = 0;
				GCC_PREPROCESSOR_DEFINITIONS = (
					"DEBUG=1",
					"$(inherited)",
				);
				GCC_SYMBOLS_PRIVATE_EXTERN = NO;
				GCC_WARN_64_TO_32_BIT_CONVERSION = YES;
				GCC_WARN_ABOUT_RETURN_TYPE = YES_ERROR;
				GCC_WARN_UNDECLARED_SELECTOR = YES;
				GCC_WARN_UNINITIALIZED_AUTOS = YES_AGGRESSIVE;
				GCC_WARN_UNUSED_FUNCTION = YES;
				GCC_WARN_UNUSED_VARIABLE = YES;
				IPHONEOS_DEPLOYMENT_TARGET = 8.1;
				MTL_ENABLE_DEBUG_INFO = YES;
				ONLY_ACTIVE_ARCH = YES;
				SDKROOT = iphoneos;
				SWIFT_OPTIMIZATION_LEVEL = "-Onone";
			};
			name = Debug;
		};
		58212C7E1A695E9800B54202 /* Release */ = {
			isa = XCBuildConfiguration;
			buildSettings = {
				ALWAYS_SEARCH_USER_PATHS = NO;
				CLANG_CXX_LANGUAGE_STANDARD = "gnu++0x";
				CLANG_CXX_LIBRARY = "libc++";
				CLANG_ENABLE_MODULES = YES;
				CLANG_ENABLE_OBJC_ARC = YES;
				CLANG_WARN_BOOL_CONVERSION = YES;
				CLANG_WARN_CONSTANT_CONVERSION = YES;
				CLANG_WARN_DIRECT_OBJC_ISA_USAGE = YES_ERROR;
				CLANG_WARN_EMPTY_BODY = YES;
				CLANG_WARN_ENUM_CONVERSION = YES;
				CLANG_WARN_INT_CONVERSION = YES;
				CLANG_WARN_OBJC_ROOT_CLASS = YES_ERROR;
				CLANG_WARN_UNREACHABLE_CODE = YES;
				CLANG_WARN__DUPLICATE_METHOD_MATCH = YES;
				"CODE_SIGN_IDENTITY[sdk=iphoneos*]" = "iPhone Developer";
				COPY_PHASE_STRIP = YES;
				ENABLE_NS_ASSERTIONS = NO;
				ENABLE_STRICT_OBJC_MSGSEND = YES;
				GCC_C_LANGUAGE_STANDARD = gnu99;
				GCC_WARN_64_TO_32_BIT_CONVERSION = YES;
				GCC_WARN_ABOUT_RETURN_TYPE = YES_ERROR;
				GCC_WARN_UNDECLARED_SELECTOR = YES;
				GCC_WARN_UNINITIALIZED_AUTOS = YES_AGGRESSIVE;
				GCC_WARN_UNUSED_FUNCTION = YES;
				GCC_WARN_UNUSED_VARIABLE = YES;
				IPHONEOS_DEPLOYMENT_TARGET = 8.1;
				MTL_ENABLE_DEBUG_INFO = NO;
				SDKROOT = iphoneos;
				VALIDATE_PRODUCT = YES;
			};
			name = Release;
		};
		58212C801A695E9800B54202 /* Debug */ = {
			isa = XCBuildConfiguration;
			buildSettings = {
				ASSETCATALOG_COMPILER_APPICON_NAME = AppIcon;
				INFOPLIST_FILE = MKWS/Info.plist;
				LD_RUNPATH_SEARCH_PATHS = "$(inherited) @executable_path/Frameworks";
				PRODUCT_NAME = "$(TARGET_NAME)";
			};
			name = Debug;
		};
		58212C811A695E9800B54202 /* Release */ = {
			isa = XCBuildConfiguration;
			buildSettings = {
				ASSETCATALOG_COMPILER_APPICON_NAME = AppIcon;
				INFOPLIST_FILE = MKWS/Info.plist;
				LD_RUNPATH_SEARCH_PATHS = "$(inherited) @executable_path/Frameworks";
				PRODUCT_NAME = "$(TARGET_NAME)";
			};
			name = Release;
		};
		58212C831A695E9800B54202 /* Debug */ = {
			isa = XCBuildConfiguration;
			buildSettings = {
				BUNDLE_LOADER = "$(TEST_HOST)";
				FRAMEWORK_SEARCH_PATHS = (
					"$(SDKROOT)/Developer/Library/Frameworks",
					"$(inherited)",
				);
				GCC_PREPROCESSOR_DEFINITIONS = (
					"DEBUG=1",
					"$(inherited)",
				);
				INFOPLIST_FILE = MKWSTests/Info.plist;
				LD_RUNPATH_SEARCH_PATHS = "$(inherited) @executable_path/Frameworks @loader_path/Frameworks";
				PRODUCT_NAME = "$(TARGET_NAME)";
				TEST_HOST = "$(BUILT_PRODUCTS_DIR)/MKWS.app/MKWS";
			};
			name = Debug;
		};
		58212C841A695E9800B54202 /* Release */ = {
			isa = XCBuildConfiguration;
			buildSettings = {
				BUNDLE_LOADER = "$(TEST_HOST)";
				FRAMEWORK_SEARCH_PATHS = (
					"$(SDKROOT)/Developer/Library/Frameworks",
					"$(inherited)",
				);
				INFOPLIST_FILE = MKWSTests/Info.plist;
				LD_RUNPATH_SEARCH_PATHS = "$(inherited) @executable_path/Frameworks @loader_path/Frameworks";
				PRODUCT_NAME = "$(TARGET_NAME)";
				TEST_HOST = "$(BUILT_PRODUCTS_DIR)/MKWS.app/MKWS";
			};
			name = Release;
		};
/* End XCBuildConfiguration section */

/* Begin XCConfigurationList section */
		58212C581A695E9800B54202 /* Build configuration list for PBXProject "MKWS" */ = {
			isa = XCConfigurationList;
			buildConfigurations = (
				58212C7D1A695E9800B54202 /* Debug */,
				58212C7E1A695E9800B54202 /* Release */,
			);
			defaultConfigurationIsVisible = 0;
			defaultConfigurationName = Release;
		};
		58212C7F1A695E9800B54202 /* Build configuration list for PBXNativeTarget "MKWS" */ = {
			isa = XCConfigurationList;
			buildConfigurations = (
				58212C801A695E9800B54202 /* Debug */,
				58212C811A695E9800B54202 /* Release */,
			);
			defaultConfigurationIsVisible = 0;
		};
		58212C821A695E9800B54202 /* Build configuration list for PBXNativeTarget "MKWSTests" */ = {
			isa = XCConfigurationList;
			buildConfigurations = (
				58212C831A695E9800B54202 /* Debug */,
				58212C841A695E9800B54202 /* Release */,
			);
			defaultConfigurationIsVisible = 0;
		};
/* End XCConfigurationList section */

/* Begin XCVersionGroup section */
		58212C641A695E9800B54202 /* MKWS.xcdatamodeld */ = {
			isa = XCVersionGroup;
			children = (
				58212C651A695E9800B54202 /* MKWS.xcdatamodel */,
			);
			currentVersion = 58212C651A695E9800B54202 /* MKWS.xcdatamodel */;
			path = MKWS.xcdatamodeld;
			sourceTree = "<group>";
			versionGroupType = wrapper.xcdatamodel;
		};
/* End XCVersionGroup section */
	};
	rootObject = 58212C551A695E9800B54202 /* Project object */;
}
